%{
  "elixir_uuid": {:hex, :elixir_uuid, "1.2.0", "ff26e938f95830b1db152cb6e594d711c10c02c6391236900ddd070a6b01271d", [:mix], [], "hexpm"},
  "exactor": {:hex, :exactor, "2.2.4", "5efb4ddeb2c48d9a1d7c9b465a6fffdd82300eb9618ece5d34c3334d5d7245b1", [:mix], [], "hexpm"},
  "exjsx": {:hex, :exjsx, "4.0.0", "60548841e0212df401e38e63c0078ec57b33e7ea49b032c796ccad8cde794b5c", [:mix], [{:jsx, "~> 2.8.0", [hex: :jsx, repo: "hexpm", optional: false]}], "hexpm"},
  "exvcr": {:hex, :exvcr, "0.10.3", "1ae3b97560430acfa88ebc737c85b2b7a9dbacd8a2b26789a19718b51ae3522c", [:mix], [{:exactor, "~> 2.2", [hex: :exactor, repo: "hexpm", optional: false]}, {:exjsx, "~> 4.0", [hex: :exjsx, repo: "hexpm", optional: false]}, {:httpoison, "~> 1.0", [hex: :httpoison, repo: "hexpm", optional: true]}, {:httpotion, "~> 3.1", [hex: :httpotion, repo: "hexpm", optional: true]}, {:ibrowse, "~> 4.4", [hex: :ibrowse, repo: "hexpm", optional: true]}, {:meck, "~> 0.8", [hex: :meck, repo: "hexpm", optional: false]}], "hexpm"},
  "jason": {:hex, :jason, "1.1.1", "d3ccb840dfb06f2f90a6d335b536dd074db748b3e7f5b11ab61d239506585eb2", [:mix], [{:decimal, "~> 1.0", [hex: :decimal, repo: "hexpm", optional: true]}], "hexpm"},
  "jsx": {:hex, :jsx, "2.8.3", "a05252d381885240744d955fbe3cf810504eb2567164824e19303ea59eef62cf", [:mix, :rebar3], [], "hexpm"},
  "meck": {:hex, :meck, "0.8.12", "1f7b1a9f5d12c511848fec26bbefd09a21e1432eadb8982d9a8aceb9891a3cf2", [:rebar3], [], "hexpm"},
  "protobuf": {:hex, :protobuf, "0.5.4", "2e1b8eec211aff034ad8a14e3674220b0158bfb9a3c7128ac9d2a1ed1b3724d3", [:mix], [], "hexpm"},
}
